// !$*UTF8*$!
{
	archiveVersion = 1;
	classes = {
	};
	objectVersion = 77;
	objects = {

/* Begin PBXBuildFile section */
		CC2030092E5BDB71001E5303 /* DetailView.swift in Sources */ = {isa = PBXBuildFile; fileRef = CC2030032E5BDB71001E5303 /* DetailView.swift */; };
		CC20300A2E5BDB71001E5303 /* ToDo.swift in Sources */ = {isa = PBXBuildFile; fileRef = CC2030052E5BDB71001E5303 /* ToDo.swift */; };
		CC20300B2E5BDB71001E5303 /* ToDoListAVPApp.swift in Sources */ = {isa = PBXBuildFile; fileRef = CC2030062E5BDB71001E5303 /* ToDoListAVPApp.swift */; };
		CC20300C2E5BDB71001E5303 /* ToDoListView.swift in Sources */ = {isa = PBXBuildFile; fileRef = CC2030072E5BDB71001E5303 /* ToDoListView.swift */; };
		CC20300D2E5BDB71001E5303 /* Assets.xcassets in Resources */ = {isa = PBXBuildFile; fileRef = CC2030022E5BDB71001E5303 /* Assets.xcassets */; };
		CC3EEC3E2E54F4DB00225AC1 /* RealityKitContent in Frameworks */ = {isa = PBXBuildFile; productRef = CC3EEC3D2E54F4DB00225AC1 /* RealityKitContent */; };
/* End PBXBuildFile section */

/* Begin PBXFileReference section */
		CC2030022E5BDB71001E5303 /* Assets.xcassets */ = {isa = PBXFileReference; lastKnownFileType = folder.assetcatalog; path = Assets.xcassets; sourceTree = "<group>"; };
		CC2030032E5BDB71001E5303 /* DetailView.swift */ = {isa = PBXFileReference; lastKnownFileType = sourcecode.swift; path = DetailView.swift; sourceTree = "<group>"; };
		CC2030042E5BDB71001E5303 /* Info.plist */ = {isa = PBXFileReference; lastKnownFileType = text.plist.xml; path = Info.plist; sourceTree = "<group>"; };
		CC2030052E5BDB71001E5303 /* ToDo.swift */ = {isa = PBXFileReference; lastKnownFileType = sourcecode.swift; path = ToDo.swift; sourceTree = "<group>"; };
		CC2030062E5BDB71001E5303 /* ToDoListAVPApp.swift */ = {isa = PBXFileReference; lastKnownFileType = sourcecode.swift; path = ToDoListAVPApp.swift; sourceTree = "<group>"; };
		CC2030072E5BDB71001E5303 /* ToDoListView.swift */ = {isa = PBXFileReference; lastKnownFileType = sourcecode.swift; path = ToDoListView.swift; sourceTree = "<group>"; };
		CC3EEC382E54F4DB00225AC1 /* ToDoListAVP.app */ = {isa = PBXFileReference; explicitFileType = wrapper.application; includeInIndex = 0; path = ToDoListAVP.app; sourceTree = BUILT_PRODUCTS_DIR; };
		CC3EEC3C2E54F4DB00225AC1 /* RealityKitContent */ = {isa = PBXFileReference; lastKnownFileType = wrapper; path = RealityKitContent; sourceTree = "<group>"; };
/* End PBXFileReference section */

/* Begin PBXFrameworksBuildPhase section */
		CC3EEC352E54F4DB00225AC1 /* Frameworks */ = {
			isa = PBXFrameworksBuildPhase;
			buildActionMask = 2147483647;
			files = (
				CC3EEC3E2E54F4DB00225AC1 /* RealityKitContent in Frameworks */,
			);
			runOnlyForDeploymentPostprocessing = 0;
		};
/* End PBXFrameworksBuildPhase section */

/* Begin PBXGroup section */
		CC2030082E5BDB71001E5303 /* ToDoListAVP */ = {
			isa = PBXGroup;
			children = (
				CC2030042E5BDB71001E5303 /* Info.plist */,
				CC2030062E5BDB71001E5303 /* ToDoListAVPApp.swift */,
				CC2030102E5BDD4C001E5303 /* Models */,
				CC20300F2E5BDCEE001E5303 /* Views */,
				CC2030022E5BDB71001E5303 /* Assets.xcassets */,
			);
			path = ToDoListAVP;
			sourceTree = "<group>";
		};
		CC20300F2E5BDCEE001E5303 /* Views */ = {
			isa = PBXGroup;
			children = (
				CC2030072E5BDB71001E5303 /* ToDoListView.swift */,
				CC2030032E5BDB71001E5303 /* DetailView.swift */,
			);
			path = Views;
			sourceTree = "<group>";
		};
		CC2030102E5BDD4C001E5303 /* Models */ = {
			isa = PBXGroup;
			children = (
				CC2030052E5BDB71001E5303 /* ToDo.swift */,
			);
			path = Models;
			sourceTree = "<group>";
		};
		CC3EEC2F2E54F4DB00225AC1 = {
			isa = PBXGroup;
			children = (
				CC2030082E5BDB71001E5303 /* ToDoListAVP */,
				CC3EEC3B2E54F4DB00225AC1 /* Packages */,
				CC3EEC392E54F4DB00225AC1 /* Products */,
			);
			sourceTree = "<group>";
		};
		CC3EEC392E54F4DB00225AC1 /* Products */ = {
			isa = PBXGroup;
			children = (
				CC3EEC382E54F4DB00225AC1 /* ToDoListAVP.app */,
			);
			name = Products;
			sourceTree = "<group>";
		};
		CC3EEC3B2E54F4DB00225AC1 /* Packages */ = {
			isa = PBXGroup;
			children = (
				CC3EEC3C2E54F4DB00225AC1 /* RealityKitContent */,
			);
			path = Packages;
			sourceTree = "<group>";
		};
/* End PBXGroup section */

/* Begin PBXNativeTarget section */
		CC3EEC372E54F4DB00225AC1 /* ToDoListAVP */ = {
			isa = PBXNativeTarget;
			buildConfigurationList = CC3EEC472E54F4DC00225AC1 /* Build configuration list for PBXNativeTarget "ToDoListAVP" */;
			buildPhases = (
				CC3EEC342E54F4DB00225AC1 /* Sources */,
				CC3EEC352E54F4DB00225AC1 /* Frameworks */,
				CC3EEC362E54F4DB00225AC1 /* Resources */,
			);
			buildRules = (
			);
			dependencies = (
			);
			name = ToDoListAVP;
			packageProductDependencies = (
				CC3EEC3D2E54F4DB00225AC1 /* RealityKitContent */,
			);
			productName = ToDoListAVP;
			productReference = CC3EEC382E54F4DB00225AC1 /* ToDoListAVP.app */;
			productType = "com.apple.product-type.application";
		};
/* End PBXNativeTarget section */

/* Begin PBXProject section */
		CC3EEC302E54F4DB00225AC1 /* Project object */ = {
			isa = PBXProject;
			attributes = {
				BuildIndependentTargetsInParallel = 1;
				LastSwiftUpdateCheck = 1640;
				LastUpgradeCheck = 1640;
				TargetAttributes = {
					CC3EEC372E54F4DB00225AC1 = {
						CreatedOnToolsVersion = 16.4;
					};
				};
			};
			buildConfigurationList = CC3EEC332E54F4DB00225AC1 /* Build configuration list for PBXProject "ToDoListAVP" */;
			developmentRegion = en;
			hasScannedForEncodings = 0;
			knownRegions = (
				en,
				Base,
			);
			mainGroup = CC3EEC2F2E54F4DB00225AC1;
			minimizedProjectReferenceProxies = 1;
			preferredProjectObjectVersion = 77;
			productRefGroup = CC3EEC392E54F4DB00225AC1 /* Products */;
			projectDirPath = "";
			projectRoot = "";
			targets = (
				CC3EEC372E54F4DB00225AC1 /* ToDoListAVP */,
			);
		};
/* End PBXProject section */

/* Begin PBXResourcesBuildPhase section */
		CC3EEC362E54F4DB00225AC1 /* Resources */ = {
			isa = PBXResourcesBuildPhase;
			buildActionMask = 2147483647;
			files = (
				CC20300D2E5BDB71001E5303 /* Assets.xcassets in Resources */,
			);
			runOnlyForDeploymentPostprocessing = 0;
		};
/* End PBXResourcesBuildPhase section */

/* Begin PBXSourcesBuildPhase section */
		CC3EEC342E54F4DB00225AC1 /* Sources */ = {
			isa = PBXSourcesBuildPhase;
			buildActionMask = 2147483647;
			files = (
				CC2030092E5BDB71001E5303 /* DetailView.swift in Sources */,
				CC20300A2E5BDB71001E5303 /* ToDo.swift in Sources */,
				CC20300B2E5BDB71001E5303 /* ToDoListAVPApp.swift in Sources */,
				CC20300C2E5BDB71001E5303 /* ToDoListView.swift in Sources */,
			);
			runOnlyForDeploymentPostprocessing = 0;
		};
/* End PBXSourcesBuildPhase section */

/* Begin XCBuildConfiguration section */
		CC3EEC482E54F4DC00225AC1 /* Debug */ = {
			isa = XCBuildConfiguration;
			buildSettings = {
				ASSETCATALOG_COMPILER_APPICON_NAME = AppIcon;
				ASSETCATALOG_COMPILER_GLOBAL_ACCENT_COLOR_NAME = AccentColor;
				CODE_SIGN_STYLE = Automatic;
				CURRENT_PROJECT_VERSION = 1;
				DEVELOPMENT_TEAM = 664FMHC4VF;
				ENABLE_PREVIEWS = YES;
				GENERATE_INFOPLIST_FILE = YES;
				INFOPLIST_FILE = "$(TARGET_NAME)/Info.plist";
				INFOPLIST_KEY_CFBundleDisplayName = "To Do";
				LD_RUNPATH_SEARCH_PATHS = (
					"$(inherited)",
					"@executable_path/Frameworks",
				);
				MARKETING_VERSION = 1.0;
				PRODUCT_BUNDLE_IDENTIFIER = net.bwitmer.ToDoListAVP;
				PRODUCT_NAME = "$(TARGET_NAME)";
				SUPPORTED_PLATFORMS = "xros xrsimulator";
				SWIFT_EMIT_LOC_STRINGS = YES;
				SWIFT_VERSION = 5.0;
				TARGETED_DEVICE_FAMILY = 7;
			};
			name = Debug;
		};
		CC3EEC492E54F4DC00225AC1 /* Release */ = {
			isa = XCBuildConfiguration;
			buildSettings = {
				ASSETCATALOG_COMPILER_APPICON_NAME = AppIcon;
				ASSETCATALOG_COMPILER_GLOBAL_ACCENT_COLOR_NAME = AccentColor;
				CODE_SIGN_STYLE = Automatic;
				CURRENT_PROJECT_VERSION = 1;
				DEVELOPMENT_TEAM = 664FMHC4VF;
				ENABLE_PREVIEWS = YES;
				GENERATE_INFOPLIST_FILE = YES;
				INFOPLIST_FILE = "$(TARGET_NAME)/Info.plist";
				INFOPLIST_KEY_CFBundleDisplayName = "To Do";
				LD_RUNPATH_SEARCH_PATHS = (
					"$(inherited)",
					"@executable_path/Frameworks",
				);
				MARKETING_VERSION = 1.0;
				PRODUCT_BUNDLE_IDENTIFIER = net.bwitmer.ToDoListAVP;
				PRODUCT_NAME = "$(TARGET_NAME)";
				SUPPORTED_PLATFORMS = "xros xrsimulator";
				SWIFT_EMIT_LOC_STRINGS = YES;
				SWIFT_VERSION = 5.0;
				TARGETED_DEVICE_FAMILY = 7;
			};
			name = Release;
		};
		CC3EEC4A2E54F4DC00225AC1 /* Debug */ = {
			isa = XCBuildConfiguration;
			buildSettings = {
				ALWAYS_SEARCH_USER_PATHS = NO;
				ASSETCATALOG_COMPILER_GENERATE_SWIFT_ASSET_SYMBOL_EXTENSIONS = YES;
				CLANG_ANALYZER_NONNULL = YES;
				CLANG_ANALYZER_NUMBER_OBJECT_CONVERSION = YES_AGGRESSIVE;
				CLANG_CXX_LANGUAGE_STANDARD = "gnu++20";
				CLANG_ENABLE_MODULES = YES;
				CLANG_ENABLE_OBJC_ARC = YES;
				CLANG_ENABLE_OBJC_WEAK = YES;
				CLANG_WARN_BLOCK_CAPTURE_AUTORELEASING = YES;
				CLANG_WARN_BOOL_CONVERSION = YES;
				CLANG_WARN_COMMA = YES;
				CLANG_WARN_CONSTANT_CONVERSION = YES;
				CLANG_WARN_DEPRECATED_OBJC_IMPLEMENTATIONS = YES;
				CLANG_WARN_DIRECT_OBJC_ISA_USAGE = YES_ERROR;
				CLANG_WARN_DOCUMENTATION_COMMENTS = YES;
				CLANG_WARN_EMPTY_BODY = YES;
				CLANG_WARN_ENUM_CONVERSION = YES;
				CLANG_WARN_INFINITE_RECURSION = YES;
				CLANG_WARN_INT_CONVERSION = YES;
				CLANG_WARN_NON_LITERAL_NULL_CONVERSION = YES;
				CLANG_WARN_OBJC_IMPLICIT_RETAIN_SELF = YES;
				CLANG_WARN_OBJC_LITERAL_CONVERSION = YES;
				CLANG_WARN_OBJC_ROOT_CLASS = YES_ERROR;
				CLANG_WARN_QUOTED_INCLUDE_IN_FRAMEWORK_HEADER = YES;
				CLANG_WARN_RANGE_LOOP_ANALYSIS = YES;
				CLANG_WARN_STRICT_PROTOTYPES = YES;
				CLANG_WARN_SUSPICIOUS_MOVE = YES;
				CLANG_WARN_UNGUARDED_AVAILABILITY = YES_AGGRESSIVE;
				CLANG_WARN_UNREACHABLE_CODE = YES;
				CLANG_WARN__DUPLICATE_METHOD_MATCH = YES;
				COPY_PHASE_STRIP = NO;
				DEBUG_INFORMATION_FORMAT = dwarf;
				DEVELOPMENT_TEAM = 664FMHC4VF;
				ENABLE_STRICT_OBJC_MSGSEND = YES;
				ENABLE_TESTABILITY = YES;
				ENABLE_USER_SCRIPT_SANDBOXING = YES;
				GCC_C_LANGUAGE_STANDARD = gnu17;
				GCC_DYNAMIC_NO_PIC = NO;
				GCC_NO_COMMON_BLOCKS = YES;
				GCC_OPTIMIZATION_LEVEL = 0;
				GCC_PREPROCESSOR_DEFINITIONS = (
					"DEBUG=1",
					"$(inherited)",
				);
				GCC_WARN_64_TO_32_BIT_CONVERSION = YES;
				GCC_WARN_ABOUT_RETURN_TYPE = YES_ERROR;
				GCC_WARN_UNDECLARED_SELECTOR = YES;
				GCC_WARN_UNINITIALIZED_AUTOS = YES_AGGRESSIVE;
				GCC_WARN_UNUSED_FUNCTION = YES;
				GCC_WARN_UNUSED_VARIABLE = YES;
				LOCALIZATION_PREFERS_STRING_CATALOGS = YES;
				MTL_ENABLE_DEBUG_INFO = INCLUDE_SOURCE;
				MTL_FAST_MATH = YES;
				ONLY_ACTIVE_ARCH = YES;
				SDKROOT = xros;
				SWIFT_ACTIVE_COMPILATION_CONDITIONS = "DEBUG $(inherited)";
				SWIFT_OPTIMIZATION_LEVEL = "-Onone";
				XROS_DEPLOYMENT_TARGET = 2.5;
			};
			name = Debug;
		};
		CC3EEC4B2E54F4DC00225AC1 /* Release */ = {
			isa = XCBuildConfiguration;
			buildSettings = {
				ALWAYS_SEARCH_USER_PATHS = NO;
				ASSETCATALOG_COMPILER_GENERATE_SWIFT_ASSET_SYMBOL_EXTENSIONS = YES;
				CLANG_ANALYZER_NONNULL = YES;
				CLANG_ANALYZER_NUMBER_OBJECT_CONVERSION = YES_AGGRESSIVE;
				CLANG_CXX_LANGUAGE_STANDARD = "gnu++20";
				CLANG_ENABLE_MODULES = YES;
				CLANG_ENABLE_OBJC_ARC = YES;
				CLANG_ENABLE_OBJC_WEAK = YES;
				CLANG_WARN_BLOCK_CAPTURE_AUTORELEASING = YES;
				CLANG_WARN_BOOL_CONVERSION = YES;
				CLANG_WARN_COMMA = YES;
				CLANG_WARN_CONSTANT_CONVERSION = YES;
				CLANG_WARN_DEPRECATED_OBJC_IMPLEMENTATIONS = YES;
				CLANG_WARN_DIRECT_OBJC_ISA_USAGE = YES_ERROR;
				CLANG_WARN_DOCUMENTATION_COMMENTS = YES;
				CLANG_WARN_EMPTY_BODY = YES;
				CLANG_WARN_ENUM_CONVERSION = YES;
				CLANG_WARN_INFINITE_RECURSION = YES;
				CLANG_WARN_INT_CONVERSION = YES;
				CLANG_WARN_NON_LITERAL_NULL_CONVERSION = YES;
				CLANG_WARN_OBJC_IMPLICIT_RETAIN_SELF = YES;
				CLANG_WARN_OBJC_LITERAL_CONVERSION = YES;
				CLANG_WARN_OBJC_ROOT_CLASS = YES_ERROR;
				CLANG_WARN_QUOTED_INCLUDE_IN_FRAMEWORK_HEADER = YES;
				CLANG_WARN_RANGE_LOOP_ANALYSIS = YES;
				CLANG_WARN_STRICT_PROTOTYPES = YES;
				CLANG_WARN_SUSPICIOUS_MOVE = YES;
				CLANG_WARN_UNGUARDED_AVAILABILITY = YES_AGGRESSIVE;
				CLANG_WARN_UNREACHABLE_CODE = YES;
				CLANG_WARN__DUPLICATE_METHOD_MATCH = YES;
				COPY_PHASE_STRIP = NO;
				DEBUG_INFORMATION_FORMAT = "dwarf-with-dsym";
				DEVELOPMENT_TEAM = 664FMHC4VF;
				ENABLE_NS_ASSERTIONS = NO;
				ENABLE_STRICT_OBJC_MSGSEND = YES;
				ENABLE_USER_SCRIPT_SANDBOXING = YES;
				GCC_C_LANGUAGE_STANDARD = gnu17;
				GCC_NO_COMMON_BLOCKS = YES;
				GCC_WARN_64_TO_32_BIT_CONVERSION = YES;
				GCC_WARN_ABOUT_RETURN_TYPE = YES_ERROR;
				GCC_WARN_UNDECLARED_SELECTOR = YES;
				GCC_WARN_UNINITIALIZED_AUTOS = YES_AGGRESSIVE;
				GCC_WARN_UNUSED_FUNCTION = YES;
				GCC_WARN_UNUSED_VARIABLE = YES;
				LOCALIZATION_PREFERS_STRING_CATALOGS = YES;
				MTL_ENABLE_DEBUG_INFO = NO;
				MTL_FAST_MATH = YES;
				SDKROOT = xros;
				SWIFT_COMPILATION_MODE = wholemodule;
				VALIDATE_PRODUCT = YES;
				XROS_DEPLOYMENT_TARGET = 2.5;
			};
			name = Release;
		};
/* End XCBuildConfiguration section */

/* Begin XCConfigurationList section */
		CC3EEC332E54F4DB00225AC1 /* Build configuration list for PBXProject "ToDoListAVP" */ = {
			isa = XCConfigurationList;
			buildConfigurations = (
				CC3EEC4A2E54F4DC00225AC1 /* Debug */,
				CC3EEC4B2E54F4DC00225AC1 /* Release */,
			);
			defaultConfigurationIsVisible = 0;
			defaultConfigurationName = Release;
		};
		CC3EEC472E54F4DC00225AC1 /* Build configuration list for PBXNativeTarget "ToDoListAVP" */ = {
			isa = XCConfigurationList;
			buildConfigurations = (
				CC3EEC482E54F4DC00225AC1 /* Debug */,
				CC3EEC492E54F4DC00225AC1 /* Release */,
			);
			defaultConfigurationIsVisible = 0;
			defaultConfigurationName = Release;
		};
/* End XCConfigurationList section */

/* Begin XCSwiftPackageProductDependency section */
		CC3EEC3D2E54F4DB00225AC1 /* RealityKitContent */ = {
			isa = XCSwiftPackageProductDependency;
			productName = RealityKitContent;
		};
/* End XCSwiftPackageProductDependency section */
	};
	rootObject = CC3EEC302E54F4DB00225AC1 /* Project object */;
}
